
Microsoft Visual Studio Solution File, Format Version 12.00
# Visual Studio Version 17
VisualStudioVersion = 17.10.35013.160
MinimumVisualStudioVersion = 10.0.40219.1
Project("{FAE04EC0-301F-11D3-BF4B-00C04F79EFBC}") = "EcommStart", "EcommStart\EcommStart\EcommStart.csproj", "{9BC0AD67-B53C-49BE-9DD8-31B8492A1DD3}"
EndProject
Project("{FAE04EC0-301F-11D3-BF4B-00C04F79EFBC}") = "EcommStart.Client", "EcommStart\EcommStart.Client\EcommStart.Client.csproj", "{0CAD4B72-7016-406D-B2BE-FE96D639036C}"
EndProject
Project("{FAE04EC0-301F-11D3-BF4B-00C04F79EFBC}") = "EcommStart.Shared", "EcommStart.Shared\EcommStart.Shared.csproj", "{48D875A0-A1E7-45FF-B6A4-62F38A171A23}"
EndProject
Global
	GlobalSection(SolutionConfigurationPlatforms) = preSolution
		Debug|Any CPU = Debug|Any CPU
		Release|Any CPU = Release|Any CPU
	EndGlobalSection
	GlobalSection(ProjectConfigurationPlatforms) = postSolution
		{9BC0AD67-B53C-49BE-9DD8-31B8492A1DD3}.Debug|Any CPU.ActiveCfg = Debug|Any CPU
		{9BC0AD67-B53C-49BE-9DD8-31B8492A1DD3}.Debug|Any CPU.Build.0 = Debug|Any CPU
		{9BC0AD67-B53C-49BE-9DD8-31B8492A1DD3}.Release|Any CPU.ActiveCfg = Release|Any CPU
		{9BC0AD67-B53C-49BE-9DD8-31B8492A1DD3}.Release|Any CPU.Build.0 = Release|Any CPU
		{0CAD4B72-7016-406D-B2BE-FE96D639036C}.Debug|Any CPU.ActiveCfg = Debug|Any CPU
		{0CAD4B72-7016-406D-B2BE-FE96D639036C}.Debug|Any CPU.Build.0 = Debug|Any CPU
		{0CAD4B72-7016-406D-B2BE-FE96D639036C}.Release|Any CPU.ActiveCfg = Release|Any CPU
		{0CAD4B72-7016-406D-B2BE-FE96D639036C}.Release|Any CPU.Build.0 = Release|Any CPU
		{48D875A0-A1E7-45FF-B6A4-62F38A171A23}.Debug|Any CPU.ActiveCfg = Debug|Any CPU
		{48D875A0-A1E7-45FF-B6A4-62F38A171A23}.Debug|Any CPU.Build.0 = Debug|Any CPU
		{48D875A0-A1E7-45FF-B6A4-62F38A171A23}.Release|Any CPU.ActiveCfg = Release|Any CPU
		{48D875A0-A1E7-45FF-B6A4-62F38A171A23}.Release|Any CPU.Build.0 = Release|Any CPU
	EndGlobalSection
	GlobalSection(SolutionProperties) = preSolution
		HideSolutionNode = FALSE
	EndGlobalSection
	GlobalSection(ExtensibilityGlobals) = postSolution
		SolutionGuid = {A4A847F3-FD01-4586-8BF5-C4044B574BD9}
	EndGlobalSection
EndGlobal
